<?xml version="1.0" encoding="utf-8"?>
<Project ToolsVersion="4.0" xmlns="http://schemas.microsoft.com/developer/msbuild/2003">
  <ItemGroup>
    <Filter Include="Source Files">
      <UniqueIdentifier>{4FC737F1-C7A5-4376-A066-2A32D752A2FF}</UniqueIdentifier>
      <Extensions>cpp;c;cc;cxx;c++;cppm;ixx;def;odl;idl;hpj;bat;asm;asmx</Extensions>
    </Filter>
    <Filter Include="Header Files">
      <UniqueIdentifier>{93995380-89BD-4b04-88EB-625FBE52EBFB}</UniqueIdentifier>
      <Extensions>h;hh;hpp;hxx;h++;hm;inl;inc;ipp;xsd</Extensions>
    </Filter>
    <Filter Include="Resource Files">
      <UniqueIdentifier>{67DA6AB6-F800-4c08-8B7A-83BB121AAD01}</UniqueIdentifier>
      <Extensions>rc;ico;cur;bmp;dlg;rc2;rct;bin;rgs;gif;jpg;jpeg;jpe;resx;tiff;tif;png;wav;mfcribbon-ms</Extensions>
    </Filter>
  </ItemGroup>
  <ItemGroup>
    <ClInclude Include="src\lux\Interface\ScoopedCorner.hpp">
      <Filter>Header Files</Filter>
    </ClInclude>
    <ClInclude Include="src\lux\Renderer\FrameBuffer.hpp">
      <Filter>Header Files</Filter>
    </ClInclude>
    <ClInclude Include="src\lux\Renderer\IndexBuffer.hpp">
      <Filter>Header Files</Filter>
    </ClInclude>
    <ClInclude Include="src\lux\Renderer\Renderer.hpp">
      <Filter>Header Files</Filter>
    </ClInclude>
    <ClInclude Include="src\lux\Renderer\Shader.hpp">
      <Filter>Header Files</Filter>
    </ClInclude>
    <ClInclude Include="src\lux\Renderer\ShaderStorageBuffer.hpp">
      <Filter>Header Files</Filter>
    </ClInclude>
    <ClInclude Include="src\lux\Renderer\UniformBuffer.hpp">
      <Filter>Header Files</Filter>
    </ClInclude>
    <ClInclude Include="src\lux\Renderer\VertexArray.hpp">
      <Filter>Header Files</Filter>
    </ClInclude>
    <ClInclude Include="src\lux\Renderer\VertexBuffer.hpp">
      <Filter>Header Files</Filter>
    </ClInclude>
    <ClInclude Include="src\lux\Renderer\VertexBufferLayout.hpp">
      <Filter>Header Files</Filter>
    </ClInclude>
    <ClInclude Include="src\lux\Scene\Camera.hpp">
      <Filter>Header Files</Filter>
    </ClInclude>
    <ClInclude Include="src\lux\Scene\Layer.hpp">
      <Filter>Header Files</Filter>
    </ClInclude>
    <ClInclude Include="src\lux\Array.hpp">
      <Filter>Header Files</Filter>
    </ClInclude>
    <ClInclude Include="src\lux\Color.hpp">
      <Filter>Header Files</Filter>
    </ClInclude>
    <ClInclude Include="src\lux\Context.hpp">
      <Filter>Header Files</Filter>
    </ClInclude>
    <ClInclude Include="src\lux\Log.hpp">
      <Filter>Header Files</Filter>
    </ClInclude>
    <ClInclude Include="src\lux\TextList.hpp">
      <Filter>Header Files</Filter>
    </ClInclude>
    <ClInclude Include="src\lux\Window.hpp">
      <Filter>Header Files</Filter>
    </ClInclude>
    <ClInclude Include="src\vendor\glfont\FontAtlas.h">
      <Filter>Header Files</Filter>
    </ClInclude>
    <ClInclude Include="src\vendor\glfont\FTLabel.h">
      <Filter>Header Files</Filter>
    </ClInclude>
    <ClInclude Include="src\vendor\glfont\GLFont.h">
      <Filter>Header Files</Filter>
    </ClInclude>
    <ClInclude Include="src\vendor\glfont\GLUtils.h">
      <Filter>Header Files</Filter>
    </ClInclude>
    <ClInclude Include="src\vendor\KHR\khrplatform.h">
      <Filter>Header Files</Filter>
    </ClInclude>
    <ClInclude Include="src\vendor\OBJ_Loader.h">
      <Filter>Header Files</Filter>
    </ClInclude>
    <ClInclude Include="src\pch.hpp">
      <Filter>Header Files</Filter>
    </ClInclude>
    <ClInclude Include="src\lux\Time.hpp">
      <Filter>Header Files</Filter>
    </ClInclude>
    <ClInclude Include="src\lux\StringUtils.hpp">
      <Filter>Header Files</Filter>
    </ClInclude>
    <ClInclude Include="src\lux\Renderer\Texture.hpp">
      <Filter>Header Files</Filter>
    </ClInclude>
    <ClInclude Include="src\lux\Scene\ImGuiLayer.hpp">
      <Filter>Header Files</Filter>
    </ClInclude>
    <ClInclude Include="src\lux\Scene\Light.hpp">
      <Filter>Header Files</Filter>
    </ClInclude>
    <ClInclude Include="src\lux\Scene\Material.hpp">
      <Filter>Header Files</Filter>
    </ClInclude>
    <ClInclude Include="src\lux\Scene\Skybox.hpp">
      <Filter>Header Files</Filter>
    </ClInclude>
    <ClInclude Include="src\lux\Interface\HorzBar.hpp">
      <Filter>Header Files</Filter>
    </ClInclude>
    <ClInclude Include="src\lux\Primitive\Mesh.hpp">
      <Filter>Header Files</Filter>
    </ClInclude>
    <ClInclude Include="src\lux\Primitive\Cuboid.hpp">
      <Filter>Header Files</Filter>
    </ClInclude>
    <ClInclude Include="src\lux\Primitive\Ring.hpp">
      <Filter>Header Files</Filter>
    </ClInclude>
    <ClInclude Include="src\lux\Primitive\Segment.hpp">
      <Filter>Header Files</Filter>
    </ClInclude>
    <ClInclude Include="src\lux\Interface\Lines.hpp">
      <Filter>Header Files</Filter>
    </ClInclude>
    <ClInclude Include="src\lux\Types.hpp">
      <Filter>Header Files</Filter>
    </ClInclude>
    <ClInclude Include="src\lux\Interface\RoundedCorner.hpp">
      <Filter>Header Files</Filter>
    </ClInclude>
    <ClInclude Include="src\lux\Interface\TopCar.hpp">
      <Filter>Header Files</Filter>
    </ClInclude>
    <ClInclude Include="src\lux\Interface\Quad.hpp">
      <Filter>Header Files</Filter>
    </ClInclude>
    <ClInclude Include="src\lux\Scene\Canvas.hpp">
      <Filter>Header Files</Filter>
    </ClInclude>
    <ClInclude Include="src\lux\Renderer\Timer.hpp">
      <Filter>Header Files</Filter>
    </ClInclude>
    <ClInclude Include="src\lux\Scene\Scene.hpp">
      <Filter>Header Files</Filter>
    </ClInclude>
    <ClInclude Include="src\lux\Scene\LcarsLayer.hpp">
      <Filter>Header Files</Filter>
    </ClInclude>
    <ClInclude Include="src\lux\Sound.hpp">
      <Filter>Header Files</Filter>
    </ClInclude>
    <ClInclude Include="src\lux\Primitive\Plane.hpp">
      <Filter>Header Files</Filter>
    </ClInclude>
    <ClInclude Include="src\lux\Renderer\Cubemap.hpp">
      <Filter>Header Files</Filter>
    </ClInclude>
    <ClInclude Include="src\lux\Scene\Shadows.hpp">
      <Filter>Header Files</Filter>
    </ClInclude>
    <ClInclude Include="src\lux\Interface.hpp">
      <Filter>Header Files</Filter>
    </ClInclude>
    <ClInclude Include="src\lux\System.hpp">
      <Filter>Header Files</Filter>
    </ClInclude>
    <ClInclude Include="src\lux\Platform\Microsoft\Windows.hpp">
      <Filter>Header Files</Filter>
    </ClInclude>
    <ClInclude Include="src\lux\Primitive\Tetrahedron.hpp">
      <Filter>Header Files</Filter>
    </ClInclude>
    <ClInclude Include="src\lux\Primitive\BezierCurve.hpp">
      <Filter>Header Files</Filter>
    </ClInclude>
    <ClInclude Include="src\lux\Renderer\GBuffer.hpp">
      <Filter>Header Files</Filter>
    </ClInclude>
    <ClInclude Include="src\lux\Scene\Components.hpp">
      <Filter>Header Files</Filter>
    </ClInclude>
    <ClInclude Include="src\lux\Renderer\ShaderLibrary.hpp">
      <Filter>Header Files</Filter>
    </ClInclude>
    <ClInclude Include="src\lux\Core\UUID.hpp">
      <Filter>Header Files</Filter>
    </ClInclude>
    <ClInclude Include="src\lux\Scene\Entity.hpp">
      <Filter>Header Files</Filter>
    </ClInclude>
    <ClInclude Include="src\lux\Scene\Model.hpp">
      <Filter>Header Files</Filter>
    </ClInclude>
  </ItemGroup>
  <ItemGroup>
    <ClCompile Include="src\vendor\glfont\FontAtlas.cpp">
      <Filter>Source Files</Filter>
    </ClCompile>
    <ClCompile Include="src\vendor\glfont\FTLabel.cpp">
      <Filter>Source Files</Filter>
    </ClCompile>
    <ClCompile Include="src\vendor\glfont\GLFont.cpp">
      <Filter>Source Files</Filter>
    </ClCompile>
    <ClCompile Include="src\vendor\glfont\GLUtils.cpp">
      <Filter>Source Files</Filter>
    </ClCompile>
    <ClCompile Include="src\main.cpp">
      <Filter>Source Files</Filter>
    </ClCompile>
    <ClCompile Include="src\pch.cpp">
      <Filter>Source Files</Filter>
    </ClCompile>
    <ClCompile Include="src\lux\MatrixUtils.hpp">
      <Filter>Source Files</Filter>
    </ClCompile>
    <ClCompile Include="src\lux\Scene\LayerStack.hpp">
      <Filter>Source Files</Filter>
    </ClCompile>
    <ClCompile Include="src\lux\Primitive\Mesh.cpp">
      <Filter>Source Files</Filter>
    </ClCompile>
    <ClCompile Include="src\lux\Primitive\Dodecahedron.hpp">
      <Filter>Source Files</Filter>
    </ClCompile>
  </ItemGroup>
  <ItemGroup>
    <None Include="res\shaders\canvas-shader-MSAA.glsl" />
    <None Include="res\shaders\point_shadows.glsl" />
    <None Include="res\shaders\point_shadows_depth.glsl" />
    <None Include="res\shaders\visualize_normals.glsl" />
    <None Include="res\shaders\shader-blur.glsl" />
    <None Include="res\shaders\shader-bloom_final.glsl" />
    <None Include="res\shaders\shader-bloom_final-MSAA.glsl" />
    <None Include="res\shaders\shader-blur-MSAA.glsl" />
    <None Include="res\shaders\ssao\ssao_geometry.glsl" />
    <None Include="res\shaders\ssao\ssao_lighting.glsl" />
    <None Include="res\shaders\ssao\ssao.glsl" />
    <None Include="res\shaders\ssao\ssoa_blur.glsl" />
  </ItemGroup>
</Project>